// !$*UTF8*$!
{
	archiveVersion = 1;
	classes = {
	};
	objectVersion = 56;
	objects = {

/* Begin PBXBuildFile section */
		0C1A3AA62C10DC2E0002D68B /* AppDelegate.swift in Sources */ = {isa = PBXBuildFile; fileRef = 0C1A3AA52C10DC2E0002D68B /* AppDelegate.swift */; };
		0C1A3AA82C10DC2E0002D68B /* SceneDelegate.swift in Sources */ = {isa = PBXBuildFile; fileRef = 0C1A3AA72C10DC2E0002D68B /* SceneDelegate.swift */; };
		0C1A3AAA2C10DC2E0002D68B /* ViewController.swift in Sources */ = {isa = PBXBuildFile; fileRef = 0C1A3AA92C10DC2E0002D68B /* ViewController.swift */; };
		0C1A3AAD2C10DC2E0002D68B /* Main.storyboard in Resources */ = {isa = PBXBuildFile; fileRef = 0C1A3AAB2C10DC2E0002D68B /* Main.storyboard */; };
		0C1A3AAF2C10DC2F0002D68B /* Assets.xcassets in Resources */ = {isa = PBXBuildFile; fileRef = 0C1A3AAE2C10DC2F0002D68B /* Assets.xcassets */; };
		0C1A3AB22C10DC300002D68B /* LaunchScreen.storyboard in Resources */ = {isa = PBXBuildFile; fileRef = 0C1A3AB02C10DC300002D68B /* LaunchScreen.storyboard */; };
		0C1A3ABD2C10DC300002D68B /* TasksTests.swift in Sources */ = {isa = PBXBuildFile; fileRef = 0C1A3ABC2C10DC300002D68B /* TasksTests.swift */; };
		0C1A3AC72C10DC300002D68B /* TasksUITests.swift in Sources */ = {isa = PBXBuildFile; fileRef = 0C1A3AC62C10DC300002D68B /* TasksUITests.swift */; };
		0C1A3AC92C10DC300002D68B /* TasksUITestsLaunchTests.swift in Sources */ = {isa = PBXBuildFile; fileRef = 0C1A3AC82C10DC300002D68B /* TasksUITestsLaunchTests.swift */; };
		0C91D6342C122F5600359882 /* EntryViewController.swift in Sources */ = {isa = PBXBuildFile; fileRef = 0C91D6332C122F5600359882 /* EntryViewController.swift */; };
		0C91D6362C122F8000359882 /* TaskViewController.swift in Sources */ = {isa = PBXBuildFile; fileRef = 0C91D6352C122F8000359882 /* TaskViewController.swift */; };
/* End PBXBuildFile section */

/* Begin PBXContainerItemProxy section */
		0C1A3AB92C10DC300002D68B /* PBXContainerItemProxy */ = {
			isa = PBXContainerItemProxy;
			containerPortal = 0C1A3A9A2C10DC2E0002D68B /* Project object */;
			proxyType = 1;
			remoteGlobalIDString = 0C1A3AA12C10DC2E0002D68B;
			remoteInfo = Tasks;
		};
		0C1A3AC32C10DC300002D68B /* PBXContainerItemProxy */ = {
			isa = PBXContainerItemProxy;
			containerPortal = 0C1A3A9A2C10DC2E0002D68B /* Project object */;
			proxyType = 1;
			remoteGlobalIDString = 0C1A3AA12C10DC2E0002D68B;
			remoteInfo = Tasks;
		};
/* End PBXContainerItemProxy section */

/* Begin PBXFileReference section */
		0C1A3AA22C10DC2E0002D68B /* Tasks.app */ = {isa = PBXFileReference; explicitFileType = wrapper.application; includeInIndex = 0; path = Tasks.app; sourceTree = BUILT_PRODUCTS_DIR; };
		0C1A3AA52C10DC2E0002D68B /* AppDelegate.swift */ = {isa = PBXFileReference; lastKnownFileType = sourcecode.swift; path = AppDelegate.swift; sourceTree = "<group>"; };
		0C1A3AA72C10DC2E0002D68B /* SceneDelegate.swift */ = {isa = PBXFileReference; lastKnownFileType = sourcecode.swift; path = SceneDelegate.swift; sourceTree = "<group>"; };
		0C1A3AA92C10DC2E0002D68B /* ViewController.swift */ = {isa = PBXFileReference; lastKnownFileType = sourcecode.swift; path = ViewController.swift; sourceTree = "<group>"; };
		0C1A3AAC2C10DC2E0002D68B /* Base */ = {isa = PBXFileReference; lastKnownFileType = file.storyboard; name = Base; path = Base.lproj/Main.storyboard; sourceTree = "<group>"; };
		0C1A3AAE2C10DC2F0002D68B /* Assets.xcassets */ = {isa = PBXFileReference; lastKnownFileType = folder.assetcatalog; path = Assets.xcassets; sourceTree = "<group>"; };
		0C1A3AB12C10DC300002D68B /* Base */ = {isa = PBXFileReference; lastKnownFileType = file.storyboard; name = Base; path = Base.lproj/LaunchScreen.storyboard; sourceTree = "<group>"; };
		0C1A3AB32C10DC300002D68B /* Info.plist */ = {isa = PBXFileReference; lastKnownFileType = text.plist.xml; path = Info.plist; sourceTree = "<group>"; };
		0C1A3AB82C10DC300002D68B /* TasksTests.xctest */ = {isa = PBXFileReference; explicitFileType = wrapper.cfbundle; includeInIndex = 0; path = TasksTests.xctest; sourceTree = BUILT_PRODUCTS_DIR; };
		0C1A3ABC2C10DC300002D68B /* TasksTests.swift */ = {isa = PBXFileReference; lastKnownFileType = sourcecode.swift; path = TasksTests.swift; sourceTree = "<group>"; };
		0C1A3AC22C10DC300002D68B /* TasksUITests.xctest */ = {isa = PBXFileReference; explicitFileType = wrapper.cfbundle; includeInIndex = 0; path = TasksUITests.xctest; sourceTree = BUILT_PRODUCTS_DIR; };
		0C1A3AC62C10DC300002D68B /* TasksUITests.swift */ = {isa = PBXFileReference; lastKnownFileType = sourcecode.swift; path = TasksUITests.swift; sourceTree = "<group>"; };
		0C1A3AC82C10DC300002D68B /* TasksUITestsLaunchTests.swift */ = {isa = PBXFileReference; lastKnownFileType = sourcecode.swift; path = TasksUITestsLaunchTests.swift; sourceTree = "<group>"; };
		0C91D6332C122F5600359882 /* EntryViewController.swift */ = {isa = PBXFileReference; lastKnownFileType = sourcecode.swift; path = EntryViewController.swift; sourceTree = "<group>"; };
		0C91D6352C122F8000359882 /* TaskViewController.swift */ = {isa = PBXFileReference; lastKnownFileType = sourcecode.swift; path = TaskViewController.swift; sourceTree = "<group>"; };
/* End PBXFileReference section */

/* Begin PBXFrameworksBuildPhase section */
		0C1A3A9F2C10DC2E0002D68B /* Frameworks */ = {
			isa = PBXFrameworksBuildPhase;
			buildActionMask = 2147483647;
			files = (
			);
			runOnlyForDeploymentPostprocessing = 0;
		};
		0C1A3AB52C10DC300002D68B /* Frameworks */ = {
			isa = PBXFrameworksBuildPhase;
			buildActionMask = 2147483647;
			files = (
			);
			runOnlyForDeploymentPostprocessing = 0;
		};
		0C1A3ABF2C10DC300002D68B /* Frameworks */ = {
			isa = PBXFrameworksBuildPhase;
			buildActionMask = 2147483647;
			files = (
			);
			runOnlyForDeploymentPostprocessing = 0;
		};
/* End PBXFrameworksBuildPhase section */

/* Begin PBXGroup section */
		0C1A3A992C10DC2E0002D68B = {
			isa = PBXGroup;
			children = (
				0C1A3AA42C10DC2E0002D68B /* Tasks */,
				0C1A3ABB2C10DC300002D68B /* TasksTests */,
				0C1A3AC52C10DC300002D68B /* TasksUITests */,
				0C1A3AA32C10DC2E0002D68B /* Products */,
			);
			sourceTree = "<group>";
		};
		0C1A3AA32C10DC2E0002D68B /* Products */ = {
			isa = PBXGroup;
			children = (
				0C1A3AA22C10DC2E0002D68B /* Tasks.app */,
				0C1A3AB82C10DC300002D68B /* TasksTests.xctest */,
				0C1A3AC22C10DC300002D68B /* TasksUITests.xctest */,
			);
			name = Products;
			sourceTree = "<group>";
		};
		0C1A3AA42C10DC2E0002D68B /* Tasks */ = {
			isa = PBXGroup;
			children = (
				0C1A3AA52C10DC2E0002D68B /* AppDelegate.swift */,
				0C1A3AA72C10DC2E0002D68B /* SceneDelegate.swift */,
				0C1A3AA92C10DC2E0002D68B /* ViewController.swift */,
				0C1A3AAB2C10DC2E0002D68B /* Main.storyboard */,
				0C1A3AAE2C10DC2F0002D68B /* Assets.xcassets */,
				0C1A3AB02C10DC300002D68B /* LaunchScreen.storyboard */,
				0C1A3AB32C10DC300002D68B /* Info.plist */,
				0C91D6332C122F5600359882 /* EntryViewController.swift */,
				0C91D6352C122F8000359882 /* TaskViewController.swift */,
			);
			path = Tasks;
			sourceTree = "<group>";
		};
		0C1A3ABB2C10DC300002D68B /* TasksTests */ = {
			isa = PBXGroup;
			children = (
				0C1A3ABC2C10DC300002D68B /* TasksTests.swift */,
			);
			path = TasksTests;
			sourceTree = "<group>";
		};
		0C1A3AC52C10DC300002D68B /* TasksUITests */ = {
			isa = PBXGroup;
			children = (
				0C1A3AC62C10DC300002D68B /* TasksUITests.swift */,
				0C1A3AC82C10DC300002D68B /* TasksUITestsLaunchTests.swift */,
			);
			path = TasksUITests;
			sourceTree = "<group>";
		};
/* End PBXGroup section */

/* Begin PBXNativeTarget section */
		0C1A3AA12C10DC2E0002D68B /* Tasks */ = {
			isa = PBXNativeTarget;
			buildConfigurationList = 0C1A3ACC2C10DC300002D68B /* Build configuration list for PBXNativeTarget "Tasks" */;
			buildPhases = (
				0C1A3A9E2C10DC2E0002D68B /* Sources */,
				0C1A3A9F2C10DC2E0002D68B /* Frameworks */,
				0C1A3AA02C10DC2E0002D68B /* Resources */,
			);
			buildRules = (
			);
			dependencies = (
			);
			name = Tasks;
			productName = Tasks;
			productReference = 0C1A3AA22C10DC2E0002D68B /* Tasks.app */;
			productType = "com.apple.product-type.application";
		};
		0C1A3AB72C10DC300002D68B /* TasksTests */ = {
			isa = PBXNativeTarget;
			buildConfigurationList = 0C1A3ACF2C10DC300002D68B /* Build configuration list for PBXNativeTarget "TasksTests" */;
			buildPhases = (
				0C1A3AB42C10DC300002D68B /* Sources */,
				0C1A3AB52C10DC300002D68B /* Frameworks */,
				0C1A3AB62C10DC300002D68B /* Resources */,
			);
			buildRules = (
			);
			dependencies = (
				0C1A3ABA2C10DC300002D68B /* PBXTargetDependency */,
			);
			name = TasksTests;
			productName = TasksTests;
			productReference = 0C1A3AB82C10DC300002D68B /* TasksTests.xctest */;
			productType = "com.apple.product-type.bundle.unit-test";
		};
		0C1A3AC12C10DC300002D68B /* TasksUITests */ = {
			isa = PBXNativeTarget;
			buildConfigurationList = 0C1A3AD22C10DC300002D68B /* Build configuration list for PBXNativeTarget "TasksUITests" */;
			buildPhases = (
				0C1A3ABE2C10DC300002D68B /* Sources */,
				0C1A3ABF2C10DC300002D68B /* Frameworks */,
				0C1A3AC02C10DC300002D68B /* Resources */,
			);
			buildRules = (
			);
			dependencies = (
				0C1A3AC42C10DC300002D68B /* PBXTargetDependency */,
			);
			name = TasksUITests;
			productName = TasksUITests;
			productReference = 0C1A3AC22C10DC300002D68B /* TasksUITests.xctest */;
			productType = "com.apple.product-type.bundle.ui-testing";
		};
/* End PBXNativeTarget section */

/* Begin PBXProject section */
		0C1A3A9A2C10DC2E0002D68B /* Project object */ = {
			isa = PBXProject;
			attributes = {
				BuildIndependentTargetsInParallel = 1;
				LastSwiftUpdateCheck = 1500;
				LastUpgradeCheck = 1500;
				TargetAttributes = {
					0C1A3AA12C10DC2E0002D68B = {
						CreatedOnToolsVersion = 15.0;
					};
					0C1A3AB72C10DC300002D68B = {
						CreatedOnToolsVersion = 15.0;
						TestTargetID = 0C1A3AA12C10DC2E0002D68B;
					};
					0C1A3AC12C10DC300002D68B = {
						CreatedOnToolsVersion = 15.0;
						TestTargetID = 0C1A3AA12C10DC2E0002D68B;
					};
				};
			};
			buildConfigurationList = 0C1A3A9D2C10DC2E0002D68B /* Build configuration list for PBXProject "Tasks" */;
			compatibilityVersion = "Xcode 14.0";
			developmentRegion = en;
			hasScannedForEncodings = 0;
			knownRegions = (
				en,
				Base,
			);
			mainGroup = 0C1A3A992C10DC2E0002D68B;
			productRefGroup = 0C1A3AA32C10DC2E0002D68B /* Products */;
			projectDirPath = "";
			projectRoot = "";
			targets = (
				0C1A3AA12C10DC2E0002D68B /* Tasks */,
				0C1A3AB72C10DC300002D68B /* TasksTests */,
				0C1A3AC12C10DC300002D68B /* TasksUITests */,
			);
		};
/* End PBXProject section */

/* Begin PBXResourcesBuildPhase section */
		0C1A3AA02C10DC2E0002D68B /* Resources */ = {
			isa = PBXResourcesBuildPhase;
			buildActionMask = 2147483647;
			files = (
				0C1A3AB22C10DC300002D68B /* LaunchScreen.storyboard in Resources */,
				0C1A3AAF2C10DC2F0002D68B /* Assets.xcassets in Resources */,
				0C1A3AAD2C10DC2E0002D68B /* Main.storyboard in Resources */,
			);
			runOnlyForDeploymentPostprocessing = 0;
		};
		0C1A3AB62C10DC300002D68B /* Resources */ = {
			isa = PBXResourcesBuildPhase;
			buildActionMask = 2147483647;
			files = (
			);
			runOnlyForDeploymentPostprocessing = 0;
		};
		0C1A3AC02C10DC300002D68B /* Resources */ = {
			isa = PBXResourcesBuildPhase;
			buildActionMask = 2147483647;
			files = (
			);
			runOnlyForDeploymentPostprocessing = 0;
		};
/* End PBXResourcesBuildPhase section */

/* Begin PBXSourcesBuildPhase section */
		0C1A3A9E2C10DC2E0002D68B /* Sources */ = {
			isa = PBXSourcesBuildPhase;
			buildActionMask = 2147483647;
			files = (
				0C1A3AAA2C10DC2E0002D68B /* ViewController.swift in Sources */,
				0C91D6342C122F5600359882 /* EntryViewController.swift in Sources */,
				0C91D6362C122F8000359882 /* TaskViewController.swift in Sources */,
				0C1A3AA62C10DC2E0002D68B /* AppDelegate.swift in Sources */,
				0C1A3AA82C10DC2E0002D68B /* SceneDelegate.swift in Sources */,
			);
			runOnlyForDeploymentPostprocessing = 0;
		};
		0C1A3AB42C10DC300002D68B /* Sources */ = {
			isa = PBXSourcesBuildPhase;
			buildActionMask = 2147483647;
			files = (
				0C1A3ABD2C10DC300002D68B /* TasksTests.swift in Sources */,
			);
			runOnlyForDeploymentPostprocessing = 0;
		};
		0C1A3ABE2C10DC300002D68B /* Sources */ = {
			isa = PBXSourcesBuildPhase;
			buildActionMask = 2147483647;
			files = (
				0C1A3AC72C10DC300002D68B /* TasksUITests.swift in Sources */,
				0C1A3AC92C10DC300002D68B /* TasksUITestsLaunchTests.swift in Sources */,
			);
			runOnlyForDeploymentPostprocessing = 0;
		};
/* End PBXSourcesBuildPhase section */

/* Begin PBXTargetDependency section */
		0C1A3ABA2C10DC300002D68B /* PBXTargetDependency */ = {
			isa = PBXTargetDependency;
			target = 0C1A3AA12C10DC2E0002D68B /* Tasks */;
			targetProxy = 0C1A3AB92C10DC300002D68B /* PBXContainerItemProxy */;
		};
		0C1A3AC42C10DC300002D68B /* PBXTargetDependency */ = {
			isa = PBXTargetDependency;
			target = 0C1A3AA12C10DC2E0002D68B /* Tasks */;
			targetProxy = 0C1A3AC32C10DC300002D68B /* PBXContainerItemProxy */;
		};
/* End PBXTargetDependency section */

/* Begin PBXVariantGroup section */
		0C1A3AAB2C10DC2E0002D68B /* Main.storyboard */ = {
			isa = PBXVariantGroup;
			children = (
				0C1A3AAC2C10DC2E0002D68B /* Base */,
			);
			name = Main.storyboard;
			sourceTree = "<group>";
		};
		0C1A3AB02C10DC300002D68B /* LaunchScreen.storyboard */ = {
			isa = PBXVariantGroup;
			children = (
				0C1A3AB12C10DC300002D68B /* Base */,
			);
			name = LaunchScreen.storyboard;
			sourceTree = "<group>";
		};
/* End PBXVariantGroup section */

/* Begin XCBuildConfiguration section */
		0C1A3ACA2C10DC300002D68B /* Debug */ = {
			isa = XCBuildConfiguration;
			buildSettings = {
				ALWAYS_SEARCH_USER_PATHS = NO;
				ASSETCATALOG_COMPILER_GENERATE_SWIFT_ASSET_SYMBOL_EXTENSIONS = YES;
				CLANG_ANALYZER_NONNULL = YES;
				CLANG_ANALYZER_NUMBER_OBJECT_CONVERSION = YES_AGGRESSIVE;
				CLANG_CXX_LANGUAGE_STANDARD = "gnu++20";
				CLANG_ENABLE_MODULES = YES;
				CLANG_ENABLE_OBJC_ARC = YES;
				CLANG_ENABLE_OBJC_WEAK = YES;
				CLANG_WARN_BLOCK_CAPTURE_AUTORELEASING = YES;
				CLANG_WARN_BOOL_CONVERSION = YES;
				CLANG_WARN_COMMA = YES;
				CLANG_WARN_CONSTANT_CONVERSION = YES;
				CLANG_WARN_DEPRECATED_OBJC_IMPLEMENTATIONS = YES;
				CLANG_WARN_DIRECT_OBJC_ISA_USAGE = YES_ERROR;
				CLANG_WARN_DOCUMENTATION_COMMENTS = YES;
				CLANG_WARN_EMPTY_BODY = YES;
				CLANG_WARN_ENUM_CONVERSION = YES;
				CLANG_WARN_INFINITE_RECURSION = YES;
				CLANG_WARN_INT_CONVERSION = YES;
				CLANG_WARN_NON_LITERAL_NULL_CONVERSION = YES;
				CLANG_WARN_OBJC_IMPLICIT_RETAIN_SELF = YES;
				CLANG_WARN_OBJC_LITERAL_CONVERSION = YES;
				CLANG_WARN_OBJC_ROOT_CLASS = YES_ERROR;
				CLANG_WARN_QUOTED_INCLUDE_IN_FRAMEWORK_HEADER = YES;
				CLANG_WARN_RANGE_LOOP_ANALYSIS = YES;
				CLANG_WARN_STRICT_PROTOTYPES = YES;
				CLANG_WARN_SUSPICIOUS_MOVE = YES;
				CLANG_WARN_UNGUARDED_AVAILABILITY = YES_AGGRESSIVE;
				CLANG_WARN_UNREACHABLE_CODE = YES;
				CLANG_WARN__DUPLICATE_METHOD_MATCH = YES;
				COPY_PHASE_STRIP = NO;
				DEBUG_INFORMATION_FORMAT = dwarf;
				ENABLE_STRICT_OBJC_MSGSEND = YES;
				ENABLE_TESTABILITY = YES;
				ENABLE_USER_SCRIPT_SANDBOXING = YES;
				GCC_C_LANGUAGE_STANDARD = gnu17;
				GCC_DYNAMIC_NO_PIC = NO;
				GCC_NO_COMMON_BLOCKS = YES;
				GCC_OPTIMIZATION_LEVEL = 0;
				GCC_PREPROCESSOR_DEFINITIONS = (
					"DEBUG=1",
					"$(inherited)",
				);
				GCC_WARN_64_TO_32_BIT_CONVERSION = YES;
				GCC_WARN_ABOUT_RETURN_TYPE = YES_ERROR;
				GCC_WARN_UNDECLARED_SELECTOR = YES;
				GCC_WARN_UNINITIALIZED_AUTOS = YES_AGGRESSIVE;
				GCC_WARN_UNUSED_FUNCTION = YES;
				GCC_WARN_UNUSED_VARIABLE = YES;
				IPHONEOS_DEPLOYMENT_TARGET = 17.0;
				LOCALIZATION_PREFERS_STRING_CATALOGS = YES;
				MTL_ENABLE_DEBUG_INFO = INCLUDE_SOURCE;
				MTL_FAST_MATH = YES;
				ONLY_ACTIVE_ARCH = YES;
				SDKROOT = iphoneos;
				SWIFT_ACTIVE_COMPILATION_CONDITIONS = "DEBUG $(inherited)";
				SWIFT_OPTIMIZATION_LEVEL = "-Onone";
			};
			name = Debug;
		};
		0C1A3ACB2C10DC300002D68B /* Release */ = {
			isa = XCBuildConfiguration;
			buildSettings = {
				ALWAYS_SEARCH_USER_PATHS = NO;
				ASSETCATALOG_COMPILER_GENERATE_SWIFT_ASSET_SYMBOL_EXTENSIONS = YES;
				CLANG_ANALYZER_NONNULL = YES;
				CLANG_ANALYZER_NUMBER_OBJECT_CONVERSION = YES_AGGRESSIVE;
				CLANG_CXX_LANGUAGE_STANDARD = "gnu++20";
				CLANG_ENABLE_MODULES = YES;
				CLANG_ENABLE_OBJC_ARC = YES;
				CLANG_ENABLE_OBJC_WEAK = YES;
				CLANG_WARN_BLOCK_CAPTURE_AUTORELEASING = YES;
				CLANG_WARN_BOOL_CONVERSION = YES;
				CLANG_WARN_COMMA = YES;
				CLANG_WARN_CONSTANT_CONVERSION = YES;
				CLANG_WARN_DEPRECATED_OBJC_IMPLEMENTATIONS = YES;
				CLANG_WARN_DIRECT_OBJC_ISA_USAGE = YES_ERROR;
				CLANG_WARN_DOCUMENTATION_COMMENTS = YES;
				CLANG_WARN_EMPTY_BODY = YES;
				CLANG_WARN_ENUM_CONVERSION = YES;
				CLANG_WARN_INFINITE_RECURSION = YES;
				CLANG_WARN_INT_CONVERSION = YES;
				CLANG_WARN_NON_LITERAL_NULL_CONVERSION = YES;
				CLANG_WARN_OBJC_IMPLICIT_RETAIN_SELF = YES;
				CLANG_WARN_OBJC_LITERAL_CONVERSION = YES;
				CLANG_WARN_OBJC_ROOT_CLASS = YES_ERROR;
				CLANG_WARN_QUOTED_INCLUDE_IN_FRAMEWORK_HEADER = YES;
				CLANG_WARN_RANGE_LOOP_ANALYSIS = YES;
				CLANG_WARN_STRICT_PROTOTYPES = YES;
				CLANG_WARN_SUSPICIOUS_MOVE = YES;
				CLANG_WARN_UNGUARDED_AVAILABILITY = YES_AGGRESSIVE;
				CLANG_WARN_UNREACHABLE_CODE = YES;
				CLANG_WARN__DUPLICATE_METHOD_MATCH = YES;
				COPY_PHASE_STRIP = NO;
				DEBUG_INFORMATION_FORMAT = "dwarf-with-dsym";
				ENABLE_NS_ASSERTIONS = NO;
				ENABLE_STRICT_OBJC_MSGSEND = YES;
				ENABLE_USER_SCRIPT_SANDBOXING = YES;
				GCC_C_LANGUAGE_STANDARD = gnu17;
				GCC_NO_COMMON_BLOCKS = YES;
				GCC_WARN_64_TO_32_BIT_CONVERSION = YES;
				GCC_WARN_ABOUT_RETURN_TYPE = YES_ERROR;
				GCC_WARN_UNDECLARED_SELECTOR = YES;
				GCC_WARN_UNINITIALIZED_AUTOS = YES_AGGRESSIVE;
				GCC_WARN_UNUSED_FUNCTION = YES;
				GCC_WARN_UNUSED_VARIABLE = YES;
				IPHONEOS_DEPLOYMENT_TARGET = 17.0;
				LOCALIZATION_PREFERS_STRING_CATALOGS = YES;
				MTL_ENABLE_DEBUG_INFO = NO;
				MTL_FAST_MATH = YES;
				SDKROOT = iphoneos;
				SWIFT_COMPILATION_MODE = wholemodule;
				VALIDATE_PRODUCT = YES;
			};
			name = Release;
		};
		0C1A3ACD2C10DC300002D68B /* Debug */ = {
			isa = XCBuildConfiguration;
			buildSettings = {
				ASSETCATALOG_COMPILER_APPICON_NAME = AppIcon;
				ASSETCATALOG_COMPILER_GLOBAL_ACCENT_COLOR_NAME = AccentColor;
				CODE_SIGN_STYLE = Automatic;
				CURRENT_PROJECT_VERSION = 1;
				GENERATE_INFOPLIST_FILE = YES;
				INFOPLIST_FILE = Tasks/Info.plist;
				INFOPLIST_KEY_UIApplicationSupportsIndirectInputEvents = YES;
				INFOPLIST_KEY_UILaunchStoryboardName = LaunchScreen;
				INFOPLIST_KEY_UIMainStoryboardFile = Main;
				INFOPLIST_KEY_UISupportedInterfaceOrientations_iPad = "UIInterfaceOrientationPortrait UIInterfaceOrientationPortraitUpsideDown UIInterfaceOrientationLandscapeLeft UIInterfaceOrientationLandscapeRight";
				INFOPLIST_KEY_UISupportedInterfaceOrientations_iPhone = "UIInterfaceOrientationPortrait UIInterfaceOrientationLandscapeLeft UIInterfaceOrientationLandscapeRight";
				LD_RUNPATH_SEARCH_PATHS = (
					"$(inherited)",
					"@executable_path/Frameworks",
				);
				MARKETING_VERSION = 1.0;
				PRODUCT_BUNDLE_IDENTIFIER = com.ha1797.Tasks;
				PRODUCT_NAME = "$(TARGET_NAME)";
				SWIFT_EMIT_LOC_STRINGS = YES;
				SWIFT_VERSION = 5.0;
				TARGETED_DEVICE_FAMILY = "1,2";
			};
			name = Debug;
		};
		0C1A3ACE2C10DC300002D68B /* Release */ = {
			isa = XCBuildConfiguration;
			buildSettings = {
				ASSETCATALOG_COMPILER_APPICON_NAME = AppIcon;
				ASSETCATALOG_COMPILER_GLOBAL_ACCENT_COLOR_NAME = AccentColor;
				CODE_SIGN_STYLE = Automatic;
				CURRENT_PROJECT_VERSION = 1;
				GENERATE_INFOPLIST_FILE = YES;
				INFOPLIST_FILE = Tasks/Info.plist;
				INFOPLIST_KEY_UIApplicationSupportsIndirectInputEvents = YES;
				INFOPLIST_KEY_UILaunchStoryboardName = LaunchScreen;
				INFOPLIST_KEY_UIMainStoryboardFile = Main;
				INFOPLIST_KEY_UISupportedInterfaceOrientations_iPad = "UIInterfaceOrientationPortrait UIInterfaceOrientationPortraitUpsideDown UIInterfaceOrientationLandscapeLeft UIInterfaceOrientationLandscapeRight";
				INFOPLIST_KEY_UISupportedInterfaceOrientations_iPhone = "UIInterfaceOrientationPortrait UIInterfaceOrientationLandscapeLeft UIInterfaceOrientationLandscapeRight";
				LD_RUNPATH_SEARCH_PATHS = (
					"$(inherited)",
					"@executable_path/Frameworks",
				);
				MARKETING_VERSION = 1.0;
				PRODUCT_BUNDLE_IDENTIFIER = com.ha1797.Tasks;
				PRODUCT_NAME = "$(TARGET_NAME)";
				SWIFT_EMIT_LOC_STRINGS = YES;
				SWIFT_VERSION = 5.0;
				TARGETED_DEVICE_FAMILY = "1,2";
			};
			name = Release;
		};
		0C1A3AD02C10DC300002D68B /* Debug */ = {
			isa = XCBuildConfiguration;
			buildSettings = {
				ALWAYS_EMBED_SWIFT_STANDARD_LIBRARIES = YES;
				BUNDLE_LOADER = "$(TEST_HOST)";
				CODE_SIGN_STYLE = Automatic;
				CURRENT_PROJECT_VERSION = 1;
				GENERATE_INFOPLIST_FILE = YES;
				IPHONEOS_DEPLOYMENT_TARGET = 17.0;
				MARKETING_VERSION = 1.0;
				PRODUCT_BUNDLE_IDENTIFIER = com.ha1797.TasksTests;
				PRODUCT_NAME = "$(TARGET_NAME)";
				SWIFT_EMIT_LOC_STRINGS = NO;
				SWIFT_VERSION = 5.0;
				TARGETED_DEVICE_FAMILY = "1,2";
				TEST_HOST = "$(BUILT_PRODUCTS_DIR)/Tasks.app/$(BUNDLE_EXECUTABLE_FOLDER_PATH)/Tasks";
			};
			name = Debug;
		};
		0C1A3AD12C10DC300002D68B /* Release */ = {
			isa = XCBuildConfiguration;
			buildSettings = {
				ALWAYS_EMBED_SWIFT_STANDARD_LIBRARIES = YES;
				BUNDLE_LOADER = "$(TEST_HOST)";
				CODE_SIGN_STYLE = Automatic;
				CURRENT_PROJECT_VERSION = 1;
				GENERATE_INFOPLIST_FILE = YES;
				IPHONEOS_DEPLOYMENT_TARGET = 17.0;
				MARKETING_VERSION = 1.0;
				PRODUCT_BUNDLE_IDENTIFIER = com.ha1797.TasksTests;
				PRODUCT_NAME = "$(TARGET_NAME)";
				SWIFT_EMIT_LOC_STRINGS = NO;
				SWIFT_VERSION = 5.0;
				TARGETED_DEVICE_FAMILY = "1,2";
				TEST_HOST = "$(BUILT_PRODUCTS_DIR)/Tasks.app/$(BUNDLE_EXECUTABLE_FOLDER_PATH)/Tasks";
			};
			name = Release;
		};
		0C1A3AD32C10DC300002D68B /* Debug */ = {
			isa = XCBuildConfiguration;
			buildSettings = {
				ALWAYS_EMBED_SWIFT_STANDARD_LIBRARIES = YES;
				CODE_SIGN_STYLE = Automatic;
				CURRENT_PROJECT_VERSION = 1;
				GENERATE_INFOPLIST_FILE = YES;
				MARKETING_VERSION = 1.0;
				PRODUCT_BUNDLE_IDENTIFIER = com.ha1797.TasksUITests;
				PRODUCT_NAME = "$(TARGET_NAME)";
				SWIFT_EMIT_LOC_STRINGS = NO;
				SWIFT_VERSION = 5.0;
				TARGETED_DEVICE_FAMILY = "1,2";
				TEST_TARGET_NAME = Tasks;
			};
			name = Debug;
		};
		0C1A3AD42C10DC300002D68B /* Release */ = {
			isa = XCBuildConfiguration;
			buildSettings = {
				ALWAYS_EMBED_SWIFT_STANDARD_LIBRARIES = YES;
				CODE_SIGN_STYLE = Automatic;
				CURRENT_PROJECT_VERSION = 1;
				GENERATE_INFOPLIST_FILE = YES;
				MARKETING_VERSION = 1.0;
				PRODUCT_BUNDLE_IDENTIFIER = com.ha1797.TasksUITests;
				PRODUCT_NAME = "$(TARGET_NAME)";
				SWIFT_EMIT_LOC_STRINGS = NO;
				SWIFT_VERSION = 5.0;
				TARGETED_DEVICE_FAMILY = "1,2";
				TEST_TARGET_NAME = Tasks;
			};
			name = Release;
		};
/* End XCBuildConfiguration section */

/* Begin XCConfigurationList section */
		0C1A3A9D2C10DC2E0002D68B /* Build configuration list for PBXProject "Tasks" */ = {
			isa = XCConfigurationList;
			buildConfigurations = (
				0C1A3ACA2C10DC300002D68B /* Debug */,
				0C1A3ACB2C10DC300002D68B /* Release */,
			);
			defaultConfigurationIsVisible = 0;
			defaultConfigurationName = Release;
		};
		0C1A3ACC2C10DC300002D68B /* Build configuration list for PBXNativeTarget "Tasks" */ = {
			isa = XCConfigurationList;
			buildConfigurations = (
				0C1A3ACD2C10DC300002D68B /* Debug */,
				0C1A3ACE2C10DC300002D68B /* Release */,
			);
			defaultConfigurationIsVisible = 0;
			defaultConfigurationName = Release;
		};
		0C1A3ACF2C10DC300002D68B /* Build configuration list for PBXNativeTarget "TasksTests" */ = {
			isa = XCConfigurationList;
			buildConfigurations = (
				0C1A3AD02C10DC300002D68B /* Debug */,
				0C1A3AD12C10DC300002D68B /* Release */,
			);
			defaultConfigurationIsVisible = 0;
			defaultConfigurationName = Release;
		};
		0C1A3AD22C10DC300002D68B /* Build configuration list for PBXNativeTarget "TasksUITests" */ = {
			isa = XCConfigurationList;
			buildConfigurations = (
				0C1A3AD32C10DC300002D68B /* Debug */,
				0C1A3AD42C10DC300002D68B /* Release */,
			);
			defaultConfigurationIsVisible = 0;
			defaultConfigurationName = Release;
		};
/* End XCConfigurationList section */
	};
	rootObject = 0C1A3A9A2C10DC2E0002D68B /* Project object */;
}
